
Microsoft Visual Studio Solution File, Format Version 12.00
# Visual Studio Version 16
VisualStudioVersion = 16.0.30711.63
MinimumVisualStudioVersion = 10.0.40219.1
Project("{9A19103F-16F7-4668-BE54-9A1E7A4F7556}") = "Library.Web", "Library.Web.csproj", "{1CC637D2-AB98-4BAA-A9FA-8EB98421DE42}"
EndProject
Project("{9A19103F-16F7-4668-BE54-9A1E7A4F7556}") = "Library.Data", "..\LibraryData\Library.Data.csproj", "{05F56D62-BC4F-4C8A-973B-9911AE750559}"
EndProject
Project("{9A19103F-16F7-4668-BE54-9A1E7A4F7556}") = "Library.Service", "..\LibraryServices\Library.Service.csproj", "{62E7171D-D738-4079-A169-7C4F22B0EC12}"
EndProject
Project("{9A19103F-16F7-4668-BE54-9A1E7A4F7556}") = "Library.Models", "..\Library.Models\Library.Models.csproj", "{3230F63D-7A69-447A-850E-41BDE7C9753C}"
EndProject
Project("{9A19103F-16F7-4668-BE54-9A1E7A4F7556}") = "Library.Tests", "..\Library.Tests\Library.Tests.csproj", "{BC58C3B4-CDB0-4320-89C4-CB28E7A8D133}"
EndProject
Global
	GlobalSection(SolutionConfigurationPlatforms) = preSolution
		Debug|Any CPU = Debug|Any CPU
		Release|Any CPU = Release|Any CPU
	EndGlobalSection
	GlobalSection(ProjectConfigurationPlatforms) = postSolution
		{1CC637D2-AB98-4BAA-A9FA-8EB98421DE42}.Debug|Any CPU.ActiveCfg = Debug|Any CPU
		{1CC637D2-AB98-4BAA-A9FA-8EB98421DE42}.Debug|Any CPU.Build.0 = Debug|Any CPU
		{1CC637D2-AB98-4BAA-A9FA-8EB98421DE42}.Release|Any CPU.ActiveCfg = Release|Any CPU
		{1CC637D2-AB98-4BAA-A9FA-8EB98421DE42}.Release|Any CPU.Build.0 = Release|Any CPU
		{05F56D62-BC4F-4C8A-973B-9911AE750559}.Debug|Any CPU.ActiveCfg = Debug|Any CPU
		{05F56D62-BC4F-4C8A-973B-9911AE750559}.Debug|Any CPU.Build.0 = Debug|Any CPU
		{05F56D62-BC4F-4C8A-973B-9911AE750559}.Release|Any CPU.ActiveCfg = Release|Any CPU
		{05F56D62-BC4F-4C8A-973B-9911AE750559}.Release|Any CPU.Build.0 = Release|Any CPU
		{62E7171D-D738-4079-A169-7C4F22B0EC12}.Debug|Any CPU.ActiveCfg = Debug|Any CPU
		{62E7171D-D738-4079-A169-7C4F22B0EC12}.Debug|Any CPU.Build.0 = Debug|Any CPU
		{62E7171D-D738-4079-A169-7C4F22B0EC12}.Release|Any CPU.ActiveCfg = Release|Any CPU
		{62E7171D-D738-4079-A169-7C4F22B0EC12}.Release|Any CPU.Build.0 = Release|Any CPU
		{3230F63D-7A69-447A-850E-41BDE7C9753C}.Debug|Any CPU.ActiveCfg = Debug|Any CPU
		{3230F63D-7A69-447A-850E-41BDE7C9753C}.Debug|Any CPU.Build.0 = Debug|Any CPU
		{3230F63D-7A69-447A-850E-41BDE7C9753C}.Release|Any CPU.ActiveCfg = Release|Any CPU
		{3230F63D-7A69-447A-850E-41BDE7C9753C}.Release|Any CPU.Build.0 = Release|Any CPU
		{BC58C3B4-CDB0-4320-89C4-CB28E7A8D133}.Debug|Any CPU.ActiveCfg = Debug|Any CPU
		{BC58C3B4-CDB0-4320-89C4-CB28E7A8D133}.Debug|Any CPU.Build.0 = Debug|Any CPU
		{BC58C3B4-CDB0-4320-89C4-CB28E7A8D133}.Release|Any CPU.ActiveCfg = Release|Any CPU
		{BC58C3B4-CDB0-4320-89C4-CB28E7A8D133}.Release|Any CPU.Build.0 = Release|Any CPU
	EndGlobalSection
	GlobalSection(SolutionProperties) = preSolution
		HideSolutionNode = FALSE
	EndGlobalSection
	GlobalSection(ExtensibilityGlobals) = postSolution
		SolutionGuid = {68DDC756-C91E-4620-98F0-6B1B78871E6B}
	EndGlobalSection
EndGlobal
